
Microsoft Visual Studio Solution File, Format Version 12.00
# Visual Studio Version 16
VisualStudioVersion = 16.0.30225.117
MinimumVisualStudioVersion = 10.0.40219.1
Project("{FAE04EC0-301F-11D3-BF4B-00C04F79EFBC}") = "TP_INDUSDEV", "TP_INDUSDEV.csproj", "{8A101540-AFF0-4EC1-8137-5069ABA85656}"
EndProject
Global
	GlobalSection(SolutionConfigurationPlatforms) = preSolution
		Debug|Any CPU = Debug|Any CPU
		Release|Any CPU = Release|Any CPU
	EndGlobalSection
	GlobalSection(ProjectConfigurationPlatforms) = postSolution
		{8A101540-AFF0-4EC1-8137-5069ABA85656}.Debug|Any CPU.ActiveCfg = Debug|Any CPU
		{8A101540-AFF0-4EC1-8137-5069ABA85656}.Debug|Any CPU.Build.0 = Debug|Any CPU
		{8A101540-AFF0-4EC1-8137-5069ABA85656}.Release|Any CPU.ActiveCfg = Release|Any CPU
		{8A101540-AFF0-4EC1-8137-5069ABA85656}.Release|Any CPU.Build.0 = Release|Any CPU
	EndGlobalSection
	GlobalSection(SolutionProperties) = preSolution
		HideSolutionNode = FALSE
	EndGlobalSection
	GlobalSection(ExtensibilityGlobals) = postSolution
		SolutionGuid = {FE1DEB04-F65A-479E-AAB6-FF2F497DE57D}
	EndGlobalSection
EndGlobal
